
Microsoft Visual Studio Solution File, Format Version 12.00
# Visual Studio Version 16
VisualStudioVersion = 16.0.30803.129
MinimumVisualStudioVersion = 10.0.40219.1
Project("{FAE04EC0-301F-11D3-BF4B-00C04F79EFBC}") = "Nova", "Nova\Nova.csproj", "{D61300E0-D2F5-453C-BB99-91C441E8397B}"
EndProject
Project("{FAE04EC0-301F-11D3-BF4B-00C04F79EFBC}") = "Nova.Tests", "Nova.Tests\Nova.Tests.csproj", "{2906854A-C588-44C7-857C-DAC5B43C620E}"
EndProject
Global
	GlobalSection(SolutionConfigurationPlatforms) = preSolution
		Debug|Any CPU = Debug|Any CPU
		Release|Any CPU = Release|Any CPU
	EndGlobalSection
	GlobalSection(ProjectConfigurationPlatforms) = postSolution
		{D61300E0-D2F5-453C-BB99-91C441E8397B}.Debug|Any CPU.ActiveCfg = Debug|Any CPU
		{D61300E0-D2F5-453C-BB99-91C441E8397B}.Debug|Any CPU.Build.0 = Debug|Any CPU
		{D61300E0-D2F5-453C-BB99-91C441E8397B}.Release|Any CPU.ActiveCfg = Release|Any CPU
		{D61300E0-D2F5-453C-BB99-91C441E8397B}.Release|Any CPU.Build.0 = Release|Any CPU
		{2906854A-C588-44C7-857C-DAC5B43C620E}.Debug|Any CPU.ActiveCfg = Debug|Any CPU
		{2906854A-C588-44C7-857C-DAC5B43C620E}.Debug|Any CPU.Build.0 = Debug|Any CPU
		{2906854A-C588-44C7-857C-DAC5B43C620E}.Release|Any CPU.ActiveCfg = Release|Any CPU
		{2906854A-C588-44C7-857C-DAC5B43C620E}.Release|Any CPU.Build.0 = Release|Any CPU
	EndGlobalSection
	GlobalSection(SolutionProperties) = preSolution
		HideSolutionNode = FALSE
	EndGlobalSection
	GlobalSection(ExtensibilityGlobals) = postSolution
		SolutionGuid = {DD946324-D41D-448C-A664-56EF85C40757}
	EndGlobalSection
EndGlobal
